
Microsoft Visual Studio Solution File, Format Version 12.00
# Visual Studio Version 16
VisualStudioVersion = 16.0.30011.22
MinimumVisualStudioVersion = 10.0.40219.1
Project("{FAE04EC0-301F-11D3-BF4B-00C04F79EFBC}") = "MusixClient", "Musix\MusixClient.csproj", "{7AFD16AB-7E74-4148-B4D0-1B1131AA08BE}"
EndProject
Project("{FAE04EC0-301F-11D3-BF4B-00C04F79EFBC}") = "Musix.Console", "Musix.Console\Musix.Console.csproj", "{516B659C-84D1-425C-974E-4839F1131C15}"
EndProject
Project("{2150E333-8FDC-42A3-9474-1A3956D46DE8}") = "Musix.Windows", "Musix.Windows", "{819C6CC2-921E-4655-9DAB-E641B8AABCA5}"
EndProject
Project("{2150E333-8FDC-42A3-9474-1A3956D46DE8}") = "Development", "Development", "{12556E6D-91C6-40F5-8535-C5DC473DB60A}"
EndProject
Project("{FAE04EC0-301F-11D3-BF4B-00C04F79EFBC}") = "Musix.Windows.API", "Musix.Windows.API\Musix.Windows.API.csproj", "{02C6973F-997A-4A89-B8D0-D93BE4F0452C}"
EndProject
Project("{9A19103F-16F7-4668-BE54-9A1E7A4F7556}") = "Musix.Core", "Musix.Core\Musix.Core.csproj", "{C30C7AA4-78FD-4552-BEED-C5760C896B05}"
EndProject
Project("{2150E333-8FDC-42A3-9474-1A3956D46DE8}") = "Components", "Components", "{976B1294-20A3-49DA-897D-C54D992F55DC}"
EndProject
Project("{9A19103F-16F7-4668-BE54-9A1E7A4F7556}") = "Musix.HTTPHostedFiles", "Musix.HTTPHostedFiles\Musix.HTTPHostedFiles.csproj", "{E6CBEC6B-A2A8-41C1-8BD4-DD03A068736B}"
EndProject
Project("{FAE04EC0-301F-11D3-BF4B-00C04F79EFBC}") = "Musix.Providers.YouTube", "Musix.Providers.YouTube\Musix.Providers.YouTube.csproj", "{6C5AA2B4-F08E-4A35-A9AE-199FDB75B622}"
EndProject
Global
	GlobalSection(SolutionConfigurationPlatforms) = preSolution
		Debug|Any CPU = Debug|Any CPU
		Debug|iPhone = Debug|iPhone
		Debug|iPhoneSimulator = Debug|iPhoneSimulator
		Release|Any CPU = Release|Any CPU
		Release|iPhone = Release|iPhone
		Release|iPhoneSimulator = Release|iPhoneSimulator
		SideRelease|Any CPU = SideRelease|Any CPU
		SideRelease|iPhone = SideRelease|iPhone
		SideRelease|iPhoneSimulator = SideRelease|iPhoneSimulator
	EndGlobalSection
	GlobalSection(ProjectConfigurationPlatforms) = postSolution
		{7AFD16AB-7E74-4148-B4D0-1B1131AA08BE}.Debug|Any CPU.ActiveCfg = Debug|Any CPU
		{7AFD16AB-7E74-4148-B4D0-1B1131AA08BE}.Debug|Any CPU.Build.0 = Debug|Any CPU
		{7AFD16AB-7E74-4148-B4D0-1B1131AA08BE}.Debug|iPhone.ActiveCfg = Debug|Any CPU
		{7AFD16AB-7E74-4148-B4D0-1B1131AA08BE}.Debug|iPhone.Build.0 = Debug|Any CPU
		{7AFD16AB-7E74-4148-B4D0-1B1131AA08BE}.Debug|iPhoneSimulator.ActiveCfg = Debug|Any CPU
		{7AFD16AB-7E74-4148-B4D0-1B1131AA08BE}.Debug|iPhoneSimulator.Build.0 = Debug|Any CPU
		{7AFD16AB-7E74-4148-B4D0-1B1131AA08BE}.Release|Any CPU.ActiveCfg = Release|Any CPU
		{7AFD16AB-7E74-4148-B4D0-1B1131AA08BE}.Release|Any CPU.Build.0 = Release|Any CPU
		{7AFD16AB-7E74-4148-B4D0-1B1131AA08BE}.Release|iPhone.ActiveCfg = Release|Any CPU
		{7AFD16AB-7E74-4148-B4D0-1B1131AA08BE}.Release|iPhone.Build.0 = Release|Any CPU
		{7AFD16AB-7E74-4148-B4D0-1B1131AA08BE}.Release|iPhoneSimulator.ActiveCfg = Release|Any CPU
		{7AFD16AB-7E74-4148-B4D0-1B1131AA08BE}.Release|iPhoneSimulator.Build.0 = Release|Any CPU
		{7AFD16AB-7E74-4148-B4D0-1B1131AA08BE}.SideRelease|Any CPU.ActiveCfg = SideRelease|Any CPU
		{7AFD16AB-7E74-4148-B4D0-1B1131AA08BE}.SideRelease|Any CPU.Build.0 = SideRelease|Any CPU
		{7AFD16AB-7E74-4148-B4D0-1B1131AA08BE}.SideRelease|iPhone.ActiveCfg = SideRelease|Any CPU
		{7AFD16AB-7E74-4148-B4D0-1B1131AA08BE}.SideRelease|iPhone.Build.0 = SideRelease|Any CPU
		{7AFD16AB-7E74-4148-B4D0-1B1131AA08BE}.SideRelease|iPhoneSimulator.ActiveCfg = SideRelease|Any CPU
		{7AFD16AB-7E74-4148-B4D0-1B1131AA08BE}.SideRelease|iPhoneSimulator.Build.0 = SideRelease|Any CPU
		{516B659C-84D1-425C-974E-4839F1131C15}.Debug|Any CPU.ActiveCfg = Debug|Any CPU
		{516B659C-84D1-425C-974E-4839F1131C15}.Debug|Any CPU.Build.0 = Debug|Any CPU
		{516B659C-84D1-425C-974E-4839F1131C15}.Debug|iPhone.ActiveCfg = Debug|Any CPU
		{516B659C-84D1-425C-974E-4839F1131C15}.Debug|iPhone.Build.0 = Debug|Any CPU
		{516B659C-84D1-425C-974E-4839F1131C15}.Debug|iPhoneSimulator.ActiveCfg = Debug|Any CPU
		{516B659C-84D1-425C-974E-4839F1131C15}.Debug|iPhoneSimulator.Build.0 = Debug|Any CPU
		{516B659C-84D1-425C-974E-4839F1131C15}.Release|Any CPU.ActiveCfg = Release|Any CPU
		{516B659C-84D1-425C-974E-4839F1131C15}.Release|Any CPU.Build.0 = Release|Any CPU
		{516B659C-84D1-425C-974E-4839F1131C15}.Release|iPhone.ActiveCfg = Release|Any CPU
		{516B659C-84D1-425C-974E-4839F1131C15}.Release|iPhone.Build.0 = Release|Any CPU
		{516B659C-84D1-425C-974E-4839F1131C15}.Release|iPhoneSimulator.ActiveCfg = Release|Any CPU
		{516B659C-84D1-425C-974E-4839F1131C15}.Release|iPhoneSimulator.Build.0 = Release|Any CPU
		{516B659C-84D1-425C-974E-4839F1131C15}.SideRelease|Any CPU.ActiveCfg = SideRelease|Any CPU
		{516B659C-84D1-425C-974E-4839F1131C15}.SideRelease|Any CPU.Build.0 = SideRelease|Any CPU
		{516B659C-84D1-425C-974E-4839F1131C15}.SideRelease|iPhone.ActiveCfg = SideRelease|Any CPU
		{516B659C-84D1-425C-974E-4839F1131C15}.SideRelease|iPhone.Build.0 = SideRelease|Any CPU
		{516B659C-84D1-425C-974E-4839F1131C15}.SideRelease|iPhoneSimulator.ActiveCfg = SideRelease|Any CPU
		{516B659C-84D1-425C-974E-4839F1131C15}.SideRelease|iPhoneSimulator.Build.0 = SideRelease|Any CPU
		{02C6973F-997A-4A89-B8D0-D93BE4F0452C}.Debug|Any CPU.ActiveCfg = Debug|Any CPU
		{02C6973F-997A-4A89-B8D0-D93BE4F0452C}.Debug|Any CPU.Build.0 = Debug|Any CPU
		{02C6973F-997A-4A89-B8D0-D93BE4F0452C}.Debug|iPhone.ActiveCfg = Debug|Any CPU
		{02C6973F-997A-4A89-B8D0-D93BE4F0452C}.Debug|iPhone.Build.0 = Debug|Any CPU
		{02C6973F-997A-4A89-B8D0-D93BE4F0452C}.Debug|iPhoneSimulator.ActiveCfg = Debug|Any CPU
		{02C6973F-997A-4A89-B8D0-D93BE4F0452C}.Debug|iPhoneSimulator.Build.0 = Debug|Any CPU
		{02C6973F-997A-4A89-B8D0-D93BE4F0452C}.Release|Any CPU.ActiveCfg = Release|Any CPU
		{02C6973F-997A-4A89-B8D0-D93BE4F0452C}.Release|Any CPU.Build.0 = Release|Any CPU
		{02C6973F-997A-4A89-B8D0-D93BE4F0452C}.Release|iPhone.ActiveCfg = Release|Any CPU
		{02C6973F-997A-4A89-B8D0-D93BE4F0452C}.Release|iPhone.Build.0 = Release|Any CPU
		{02C6973F-997A-4A89-B8D0-D93BE4F0452C}.Release|iPhoneSimulator.ActiveCfg = Release|Any CPU
		{02C6973F-997A-4A89-B8D0-D93BE4F0452C}.Release|iPhoneSimulator.Build.0 = Release|Any CPU
		{02C6973F-997A-4A89-B8D0-D93BE4F0452C}.SideRelease|Any CPU.ActiveCfg = SideRelease|Any CPU
		{02C6973F-997A-4A89-B8D0-D93BE4F0452C}.SideRelease|Any CPU.Build.0 = SideRelease|Any CPU
		{02C6973F-997A-4A89-B8D0-D93BE4F0452C}.SideRelease|iPhone.ActiveCfg = SideRelease|Any CPU
		{02C6973F-997A-4A89-B8D0-D93BE4F0452C}.SideRelease|iPhone.Build.0 = SideRelease|Any CPU
		{02C6973F-997A-4A89-B8D0-D93BE4F0452C}.SideRelease|iPhoneSimulator.ActiveCfg = SideRelease|Any CPU
		{02C6973F-997A-4A89-B8D0-D93BE4F0452C}.SideRelease|iPhoneSimulator.Build.0 = SideRelease|Any CPU
		{C30C7AA4-78FD-4552-BEED-C5760C896B05}.Debug|Any CPU.ActiveCfg = Debug|Any CPU
		{C30C7AA4-78FD-4552-BEED-C5760C896B05}.Debug|Any CPU.Build.0 = Debug|Any CPU
		{C30C7AA4-78FD-4552-BEED-C5760C896B05}.Debug|iPhone.ActiveCfg = Debug|Any CPU
		{C30C7AA4-78FD-4552-BEED-C5760C896B05}.Debug|iPhone.Build.0 = Debug|Any CPU
		{C30C7AA4-78FD-4552-BEED-C5760C896B05}.Debug|iPhoneSimulator.ActiveCfg = Debug|Any CPU
		{C30C7AA4-78FD-4552-BEED-C5760C896B05}.Debug|iPhoneSimulator.Build.0 = Debug|Any CPU
		{C30C7AA4-78FD-4552-BEED-C5760C896B05}.Release|Any CPU.ActiveCfg = Release|Any CPU
		{C30C7AA4-78FD-4552-BEED-C5760C896B05}.Release|Any CPU.Build.0 = Release|Any CPU
		{C30C7AA4-78FD-4552-BEED-C5760C896B05}.Release|iPhone.ActiveCfg = Release|Any CPU
		{C30C7AA4-78FD-4552-BEED-C5760C896B05}.Release|iPhone.Build.0 = Release|Any CPU
		{C30C7AA4-78FD-4552-BEED-C5760C896B05}.Release|iPhoneSimulator.ActiveCfg = Release|Any CPU
		{C30C7AA4-78FD-4552-BEED-C5760C896B05}.Release|iPhoneSimulator.Build.0 = Release|Any CPU
		{C30C7AA4-78FD-4552-BEED-C5760C896B05}.SideRelease|Any CPU.ActiveCfg = Release|Any CPU
		{C30C7AA4-78FD-4552-BEED-C5760C896B05}.SideRelease|Any CPU.Build.0 = Release|Any CPU
		{C30C7AA4-78FD-4552-BEED-C5760C896B05}.SideRelease|iPhone.ActiveCfg = Release|Any CPU
		{C30C7AA4-78FD-4552-BEED-C5760C896B05}.SideRelease|iPhone.Build.0 = Release|Any CPU
		{C30C7AA4-78FD-4552-BEED-C5760C896B05}.SideRelease|iPhoneSimulator.ActiveCfg = Release|Any CPU
		{C30C7AA4-78FD-4552-BEED-C5760C896B05}.SideRelease|iPhoneSimulator.Build.0 = Release|Any CPU
		{E6CBEC6B-A2A8-41C1-8BD4-DD03A068736B}.Debug|Any CPU.ActiveCfg = Debug|Any CPU
		{E6CBEC6B-A2A8-41C1-8BD4-DD03A068736B}.Debug|Any CPU.Build.0 = Debug|Any CPU
		{E6CBEC6B-A2A8-41C1-8BD4-DD03A068736B}.Debug|iPhone.ActiveCfg = Debug|Any CPU
		{E6CBEC6B-A2A8-41C1-8BD4-DD03A068736B}.Debug|iPhone.Build.0 = Debug|Any CPU
		{E6CBEC6B-A2A8-41C1-8BD4-DD03A068736B}.Debug|iPhoneSimulator.ActiveCfg = Debug|Any CPU
		{E6CBEC6B-A2A8-41C1-8BD4-DD03A068736B}.Debug|iPhoneSimulator.Build.0 = Debug|Any CPU
		{E6CBEC6B-A2A8-41C1-8BD4-DD03A068736B}.Release|Any CPU.ActiveCfg = Release|Any CPU
		{E6CBEC6B-A2A8-41C1-8BD4-DD03A068736B}.Release|Any CPU.Build.0 = Release|Any CPU
		{E6CBEC6B-A2A8-41C1-8BD4-DD03A068736B}.Release|iPhone.ActiveCfg = Release|Any CPU
		{E6CBEC6B-A2A8-41C1-8BD4-DD03A068736B}.Release|iPhone.Build.0 = Release|Any CPU
		{E6CBEC6B-A2A8-41C1-8BD4-DD03A068736B}.Release|iPhoneSimulator.ActiveCfg = Release|Any CPU
		{E6CBEC6B-A2A8-41C1-8BD4-DD03A068736B}.Release|iPhoneSimulator.Build.0 = Release|Any CPU
		{E6CBEC6B-A2A8-41C1-8BD4-DD03A068736B}.SideRelease|Any CPU.ActiveCfg = Release|Any CPU
		{E6CBEC6B-A2A8-41C1-8BD4-DD03A068736B}.SideRelease|Any CPU.Build.0 = Release|Any CPU
		{E6CBEC6B-A2A8-41C1-8BD4-DD03A068736B}.SideRelease|iPhone.ActiveCfg = Release|Any CPU
		{E6CBEC6B-A2A8-41C1-8BD4-DD03A068736B}.SideRelease|iPhone.Build.0 = Release|Any CPU
		{E6CBEC6B-A2A8-41C1-8BD4-DD03A068736B}.SideRelease|iPhoneSimulator.ActiveCfg = Release|Any CPU
		{E6CBEC6B-A2A8-41C1-8BD4-DD03A068736B}.SideRelease|iPhoneSimulator.Build.0 = Release|Any CPU
		{6C5AA2B4-F08E-4A35-A9AE-199FDB75B622}.Debug|Any CPU.ActiveCfg = Debug|Any CPU
		{6C5AA2B4-F08E-4A35-A9AE-199FDB75B622}.Debug|Any CPU.Build.0 = Debug|Any CPU
		{6C5AA2B4-F08E-4A35-A9AE-199FDB75B622}.Debug|iPhone.ActiveCfg = Debug|Any CPU
		{6C5AA2B4-F08E-4A35-A9AE-199FDB75B622}.Debug|iPhone.Build.0 = Debug|Any CPU
		{6C5AA2B4-F08E-4A35-A9AE-199FDB75B622}.Debug|iPhoneSimulator.ActiveCfg = Debug|Any CPU
		{6C5AA2B4-F08E-4A35-A9AE-199FDB75B622}.Debug|iPhoneSimulator.Build.0 = Debug|Any CPU
		{6C5AA2B4-F08E-4A35-A9AE-199FDB75B622}.Release|Any CPU.ActiveCfg = Release|Any CPU
		{6C5AA2B4-F08E-4A35-A9AE-199FDB75B622}.Release|Any CPU.Build.0 = Release|Any CPU
		{6C5AA2B4-F08E-4A35-A9AE-199FDB75B622}.Release|iPhone.ActiveCfg = Release|Any CPU
		{6C5AA2B4-F08E-4A35-A9AE-199FDB75B622}.Release|iPhone.Build.0 = Release|Any CPU
		{6C5AA2B4-F08E-4A35-A9AE-199FDB75B622}.Release|iPhoneSimulator.ActiveCfg = Release|Any CPU
		{6C5AA2B4-F08E-4A35-A9AE-199FDB75B622}.Release|iPhoneSimulator.Build.0 = Release|Any CPU
		{6C5AA2B4-F08E-4A35-A9AE-199FDB75B622}.SideRelease|Any CPU.ActiveCfg = Release|Any CPU
		{6C5AA2B4-F08E-4A35-A9AE-199FDB75B622}.SideRelease|Any CPU.Build.0 = Release|Any CPU
		{6C5AA2B4-F08E-4A35-A9AE-199FDB75B622}.SideRelease|iPhone.ActiveCfg = Release|Any CPU
		{6C5AA2B4-F08E-4A35-A9AE-199FDB75B622}.SideRelease|iPhone.Build.0 = Release|Any CPU
		{6C5AA2B4-F08E-4A35-A9AE-199FDB75B622}.SideRelease|iPhoneSimulator.ActiveCfg = Release|Any CPU
		{6C5AA2B4-F08E-4A35-A9AE-199FDB75B622}.SideRelease|iPhoneSimulator.Build.0 = Release|Any CPU
	EndGlobalSection
	GlobalSection(SolutionProperties) = preSolution
		HideSolutionNode = FALSE
	EndGlobalSection
	GlobalSection(NestedProjects) = preSolution
		{7AFD16AB-7E74-4148-B4D0-1B1131AA08BE} = {819C6CC2-921E-4655-9DAB-E641B8AABCA5}
		{516B659C-84D1-425C-974E-4839F1131C15} = {12556E6D-91C6-40F5-8535-C5DC473DB60A}
		{02C6973F-997A-4A89-B8D0-D93BE4F0452C} = {819C6CC2-921E-4655-9DAB-E641B8AABCA5}
		{E6CBEC6B-A2A8-41C1-8BD4-DD03A068736B} = {976B1294-20A3-49DA-897D-C54D992F55DC}
		{6C5AA2B4-F08E-4A35-A9AE-199FDB75B622} = {976B1294-20A3-49DA-897D-C54D992F55DC}
	EndGlobalSection
	GlobalSection(ExtensibilityGlobals) = postSolution
		SolutionGuid = {99036993-3BDB-469E-BD0C-77B4CDE73774}
	EndGlobalSection
EndGlobal
